
Microsoft Visual Studio Solution File, Format Version 12.00
# Visual Studio Version 17
VisualStudioVersion = 17.9.34622.214
MinimumVisualStudioVersion = 10.0.40219.1
Project("{FAE04EC0-301F-11D3-BF4B-00C04F79EFBC}") = "TaskManager", "TaskManager\TaskManager.csproj", "{7157E8EE-D4A0-4030-A43B-52780BEEBD8C}"
EndProject
Global
	GlobalSection(SolutionConfigurationPlatforms) = preSolution
		Debug|Any CPU = Debug|Any CPU
		Release|Any CPU = Release|Any CPU
	EndGlobalSection
	GlobalSection(ProjectConfigurationPlatforms) = postSolution
		{7157E8EE-D4A0-4030-A43B-52780BEEBD8C}.Debug|Any CPU.ActiveCfg = Debug|Any CPU
		{7157E8EE-D4A0-4030-A43B-52780BEEBD8C}.Debug|Any CPU.Build.0 = Debug|Any CPU
		{7157E8EE-D4A0-4030-A43B-52780BEEBD8C}.Release|Any CPU.ActiveCfg = Release|Any CPU
		{7157E8EE-D4A0-4030-A43B-52780BEEBD8C}.Release|Any CPU.Build.0 = Release|Any CPU
	EndGlobalSection
	GlobalSection(SolutionProperties) = preSolution
		HideSolutionNode = FALSE
	EndGlobalSection
	GlobalSection(ExtensibilityGlobals) = postSolution
		SolutionGuid = {DE28D242-FC61-42EF-BA6E-277C76A815ED}
	EndGlobalSection
EndGlobal
